// !$*UTF8*$!
{
	archiveVersion = 1;
	classes = {
	};
	objectVersion = 56;
	objects = {

/* Begin PBXBuildFile section */
		CC0D7F372A6E2A0B00651732 /* TodayError.swift in Sources */ = {isa = PBXBuildFile; fileRef = CC0D7F362A6E2A0B00651732 /* TodayError.swift */; };
		CC0D7F392A6E2B9E00651732 /* EKEventStore+AsyncFetch.swift in Sources */ = {isa = PBXBuildFile; fileRef = CC0D7F382A6E2B9E00651732 /* EKEventStore+AsyncFetch.swift */; };
		CC1B64192A3EC727001529E2 /* ReminderViewController.swift in Sources */ = {isa = PBXBuildFile; fileRef = CC1B64182A3EC727001529E2 /* ReminderViewController.swift */; };
		CC1B641C2A3ED076001529E2 /* ReminderViewController+Row.swift in Sources */ = {isa = PBXBuildFile; fileRef = CC1B641B2A3ED076001529E2 /* ReminderViewController+Row.swift */; };
		CC2735912A2C446000DD35AF /* Reminder.swift in Sources */ = {isa = PBXBuildFile; fileRef = CC2735902A2C446000DD35AF /* Reminder.swift */; };
		CC2DD6C12A4406080032C66A /* ReminderViewController+Section.swift in Sources */ = {isa = PBXBuildFile; fileRef = CC2DD6C02A4406080032C66A /* ReminderViewController+Section.swift */; };
		CC3B6EB42A32DF1E00520B06 /* ReminderListViewController+DataSource.swift in Sources */ = {isa = PBXBuildFile; fileRef = CC3B6EB32A32DF1E00520B06 /* ReminderListViewController+DataSource.swift */; };
		CC5839812A64705A00F7B808 /* ProgressHeaderView.swift in Sources */ = {isa = PBXBuildFile; fileRef = CC5839802A64705A00F7B808 /* ProgressHeaderView.swift */; };
		CC58CB592A381DFD005B8308 /* UIColor+Today.swift in Sources */ = {isa = PBXBuildFile; fileRef = CC58CB582A381DFD005B8308 /* UIColor+Today.swift */; };
		CC5909B22A47FF8B008ED32A /* TextFieldContentView.swift in Sources */ = {isa = PBXBuildFile; fileRef = CC5909B12A47FF8B008ED32A /* TextFieldContentView.swift */; };
		CC5909B42A480D01008ED32A /* UIContentConfiguration+Stateless.swift in Sources */ = {isa = PBXBuildFile; fileRef = CC5909B32A480D01008ED32A /* UIContentConfiguration+Stateless.swift */; };
		CC8245E52A3043AB0060FAD2 /* Date+Today.swift in Sources */ = {isa = PBXBuildFile; fileRef = CC8245E42A3043AB0060FAD2 /* Date+Today.swift */; };
		CC8818F52A3E556000E5E689 /* ReminderDoneButton.swift in Sources */ = {isa = PBXBuildFile; fileRef = CC8818F42A3E556000E5E689 /* ReminderDoneButton.swift */; };
		CC8818F72A3E56DC00E5E689 /* ReminderListViewController+Actions.swift in Sources */ = {isa = PBXBuildFile; fileRef = CC8818F62A3E56DC00E5E689 /* ReminderListViewController+Actions.swift */; };
		CCA203052A70626C00084DC8 /* Reminder+EKReminder.swift in Sources */ = {isa = PBXBuildFile; fileRef = CCA203042A70626C00084DC8 /* Reminder+EKReminder.swift */; };
		CCA203072A7063F600084DC8 /* ReminderStore.swift in Sources */ = {isa = PBXBuildFile; fileRef = CCA203062A7063F600084DC8 /* ReminderStore.swift */; };
		CCA7E1AB2A29A6D900C436F7 /* AppDelegate.swift in Sources */ = {isa = PBXBuildFile; fileRef = CCA7E1AA2A29A6D900C436F7 /* AppDelegate.swift */; };
		CCA7E1AD2A29A6D900C436F7 /* SceneDelegate.swift in Sources */ = {isa = PBXBuildFile; fileRef = CCA7E1AC2A29A6D900C436F7 /* SceneDelegate.swift */; };
		CCA7E1AF2A29A6D900C436F7 /* ReminderListViewController.swift in Sources */ = {isa = PBXBuildFile; fileRef = CCA7E1AE2A29A6D900C436F7 /* ReminderListViewController.swift */; };
		CCA7E1B22A29A6D900C436F7 /* Main.storyboard in Resources */ = {isa = PBXBuildFile; fileRef = CCA7E1B02A29A6D900C436F7 /* Main.storyboard */; };
		CCA7E1B42A29A6DA00C436F7 /* Assets.xcassets in Resources */ = {isa = PBXBuildFile; fileRef = CCA7E1B32A29A6DA00C436F7 /* Assets.xcassets */; };
		CCA7E1B72A29A6DA00C436F7 /* LaunchScreen.storyboard in Resources */ = {isa = PBXBuildFile; fileRef = CCA7E1B52A29A6DA00C436F7 /* LaunchScreen.storyboard */; };
		CCCCBACC2A6C721000C9702F /* CAGradientLayer+ListStyle.swift in Sources */ = {isa = PBXBuildFile; fileRef = CCCCBACB2A6C721000C9702F /* CAGradientLayer+ListStyle.swift */; };
		CCE54D0C2A5A0E8800A56FBD /* ReminderListStyle.swift in Sources */ = {isa = PBXBuildFile; fileRef = CCE54D0B2A5A0E8800A56FBD /* ReminderListStyle.swift */; };
		CCEAA15B2A494C030067B77A /* TextViewContentView.swift in Sources */ = {isa = PBXBuildFile; fileRef = CCEAA15A2A494C030067B77A /* TextViewContentView.swift */; };
		CCEAA15D2A494D320067B77A /* DatePickerContentView.swift in Sources */ = {isa = PBXBuildFile; fileRef = CCEAA15C2A494D320067B77A /* DatePickerContentView.swift */; };
		CCECEC9D2A7EEC48005F8C5C /* EKReminder+Reminder.swift in Sources */ = {isa = PBXBuildFile; fileRef = CCECEC9C2A7EEC48005F8C5C /* EKReminder+Reminder.swift */; };
		CCF970B82A47A2E40027247E /* ReminderViewController+CellConfiguration.swift in Sources */ = {isa = PBXBuildFile; fileRef = CCF970B72A47A2E40027247E /* ReminderViewController+CellConfiguration.swift */; };
		CCF970BB2A47A8890027247E /* UIView+PinnedSubview.swift in Sources */ = {isa = PBXBuildFile; fileRef = CCF970BA2A47A8890027247E /* UIView+PinnedSubview.swift */; };
/* End PBXBuildFile section */

/* Begin PBXFileReference section */
		CC0D7F362A6E2A0B00651732 /* TodayError.swift */ = {isa = PBXFileReference; lastKnownFileType = sourcecode.swift; path = TodayError.swift; sourceTree = "<group>"; };
		CC0D7F382A6E2B9E00651732 /* EKEventStore+AsyncFetch.swift */ = {isa = PBXFileReference; lastKnownFileType = sourcecode.swift; path = "EKEventStore+AsyncFetch.swift"; sourceTree = "<group>"; };
		CC1B64182A3EC727001529E2 /* ReminderViewController.swift */ = {isa = PBXFileReference; lastKnownFileType = sourcecode.swift; path = ReminderViewController.swift; sourceTree = "<group>"; };
		CC1B641B2A3ED076001529E2 /* ReminderViewController+Row.swift */ = {isa = PBXFileReference; lastKnownFileType = sourcecode.swift; path = "ReminderViewController+Row.swift"; sourceTree = "<group>"; };
		CC2735902A2C446000DD35AF /* Reminder.swift */ = {isa = PBXFileReference; lastKnownFileType = sourcecode.swift; path = Reminder.swift; sourceTree = "<group>"; };
		CC2DD6C02A4406080032C66A /* ReminderViewController+Section.swift */ = {isa = PBXFileReference; lastKnownFileType = sourcecode.swift; path = "ReminderViewController+Section.swift"; sourceTree = "<group>"; };
		CC3B6EB32A32DF1E00520B06 /* ReminderListViewController+DataSource.swift */ = {isa = PBXFileReference; lastKnownFileType = sourcecode.swift; path = "ReminderListViewController+DataSource.swift"; sourceTree = "<group>"; };
		CC5839802A64705A00F7B808 /* ProgressHeaderView.swift */ = {isa = PBXFileReference; lastKnownFileType = sourcecode.swift; path = ProgressHeaderView.swift; sourceTree = "<group>"; };
		CC58CB582A381DFD005B8308 /* UIColor+Today.swift */ = {isa = PBXFileReference; lastKnownFileType = sourcecode.swift; path = "UIColor+Today.swift"; sourceTree = "<group>"; };
		CC5909B12A47FF8B008ED32A /* TextFieldContentView.swift */ = {isa = PBXFileReference; lastKnownFileType = sourcecode.swift; path = TextFieldContentView.swift; sourceTree = "<group>"; };
		CC5909B32A480D01008ED32A /* UIContentConfiguration+Stateless.swift */ = {isa = PBXFileReference; lastKnownFileType = sourcecode.swift; path = "UIContentConfiguration+Stateless.swift"; sourceTree = "<group>"; };
		CC8245E42A3043AB0060FAD2 /* Date+Today.swift */ = {isa = PBXFileReference; lastKnownFileType = sourcecode.swift; path = "Date+Today.swift"; sourceTree = "<group>"; };
		CC8818F42A3E556000E5E689 /* ReminderDoneButton.swift */ = {isa = PBXFileReference; lastKnownFileType = sourcecode.swift; path = ReminderDoneButton.swift; sourceTree = "<group>"; };
		CC8818F62A3E56DC00E5E689 /* ReminderListViewController+Actions.swift */ = {isa = PBXFileReference; lastKnownFileType = sourcecode.swift; path = "ReminderListViewController+Actions.swift"; sourceTree = "<group>"; };
		CCA203042A70626C00084DC8 /* Reminder+EKReminder.swift */ = {isa = PBXFileReference; lastKnownFileType = sourcecode.swift; path = "Reminder+EKReminder.swift"; sourceTree = "<group>"; };
		CCA203062A7063F600084DC8 /* ReminderStore.swift */ = {isa = PBXFileReference; lastKnownFileType = sourcecode.swift; path = ReminderStore.swift; sourceTree = "<group>"; };
		CCA7E1A72A29A6D900C436F7 /* Today.app */ = {isa = PBXFileReference; explicitFileType = wrapper.application; includeInIndex = 0; path = Today.app; sourceTree = BUILT_PRODUCTS_DIR; };
		CCA7E1AA2A29A6D900C436F7 /* AppDelegate.swift */ = {isa = PBXFileReference; lastKnownFileType = sourcecode.swift; path = AppDelegate.swift; sourceTree = "<group>"; };
		CCA7E1AC2A29A6D900C436F7 /* SceneDelegate.swift */ = {isa = PBXFileReference; lastKnownFileType = sourcecode.swift; path = SceneDelegate.swift; sourceTree = "<group>"; };
		CCA7E1AE2A29A6D900C436F7 /* ReminderListViewController.swift */ = {isa = PBXFileReference; lastKnownFileType = sourcecode.swift; path = ReminderListViewController.swift; sourceTree = "<group>"; };
		CCA7E1B12A29A6D900C436F7 /* Base */ = {isa = PBXFileReference; lastKnownFileType = file.storyboard; name = Base; path = Base.lproj/Main.storyboard; sourceTree = "<group>"; };
		CCA7E1B32A29A6DA00C436F7 /* Assets.xcassets */ = {isa = PBXFileReference; lastKnownFileType = folder.assetcatalog; path = Assets.xcassets; sourceTree = "<group>"; };
		CCA7E1B62A29A6DA00C436F7 /* Base */ = {isa = PBXFileReference; lastKnownFileType = file.storyboard; name = Base; path = Base.lproj/LaunchScreen.storyboard; sourceTree = "<group>"; };
		CCA7E1B82A29A6DA00C436F7 /* Info.plist */ = {isa = PBXFileReference; lastKnownFileType = text.plist.xml; path = Info.plist; sourceTree = "<group>"; };
		CCCCBACB2A6C721000C9702F /* CAGradientLayer+ListStyle.swift */ = {isa = PBXFileReference; lastKnownFileType = sourcecode.swift; path = "CAGradientLayer+ListStyle.swift"; sourceTree = "<group>"; };
		CCE54D0B2A5A0E8800A56FBD /* ReminderListStyle.swift */ = {isa = PBXFileReference; lastKnownFileType = sourcecode.swift; path = ReminderListStyle.swift; sourceTree = "<group>"; };
		CCEAA15A2A494C030067B77A /* TextViewContentView.swift */ = {isa = PBXFileReference; lastKnownFileType = sourcecode.swift; path = TextViewContentView.swift; sourceTree = "<group>"; };
		CCEAA15C2A494D320067B77A /* DatePickerContentView.swift */ = {isa = PBXFileReference; lastKnownFileType = sourcecode.swift; path = DatePickerContentView.swift; sourceTree = "<group>"; };
		CCECEC9C2A7EEC48005F8C5C /* EKReminder+Reminder.swift */ = {isa = PBXFileReference; lastKnownFileType = sourcecode.swift; path = "EKReminder+Reminder.swift"; sourceTree = "<group>"; };
		CCF970B72A47A2E40027247E /* ReminderViewController+CellConfiguration.swift */ = {isa = PBXFileReference; lastKnownFileType = sourcecode.swift; path = "ReminderViewController+CellConfiguration.swift"; sourceTree = "<group>"; };
		CCF970BA2A47A8890027247E /* UIView+PinnedSubview.swift */ = {isa = PBXFileReference; lastKnownFileType = sourcecode.swift; path = "UIView+PinnedSubview.swift"; sourceTree = "<group>"; };
/* End PBXFileReference section */

/* Begin PBXFrameworksBuildPhase section */
		CCA7E1A42A29A6D900C436F7 /* Frameworks */ = {
			isa = PBXFrameworksBuildPhase;
			buildActionMask = 2147483647;
			files = (
			);
			runOnlyForDeploymentPostprocessing = 0;
		};
/* End PBXFrameworksBuildPhase section */

/* Begin PBXGroup section */
		CC1B641A2A3ED001001529E2 /* DetailViewController */ = {
			isa = PBXGroup;
			children = (
				CC1B64182A3EC727001529E2 /* ReminderViewController.swift */,
				CC1B641B2A3ED076001529E2 /* ReminderViewController+Row.swift */,
				CC2DD6C02A4406080032C66A /* ReminderViewController+Section.swift */,
				CCF970B72A47A2E40027247E /* ReminderViewController+CellConfiguration.swift */,
			);
			path = DetailViewController;
			sourceTree = "<group>";
		};
		CC27358F2A2C440D00DD35AF /* Models */ = {
			isa = PBXGroup;
			children = (
				CC2735902A2C446000DD35AF /* Reminder.swift */,
				CCE54D0B2A5A0E8800A56FBD /* ReminderListStyle.swift */,
				CCA203062A7063F600084DC8 /* ReminderStore.swift */,
				CC0D7F362A6E2A0B00651732 /* TodayError.swift */,
				CC58CB582A381DFD005B8308 /* UIColor+Today.swift */,
				CC8245E42A3043AB0060FAD2 /* Date+Today.swift */,
				CCCCBACB2A6C721000C9702F /* CAGradientLayer+ListStyle.swift */,
				CC0D7F382A6E2B9E00651732 /* EKEventStore+AsyncFetch.swift */,
				CCA203042A70626C00084DC8 /* Reminder+EKReminder.swift */,
				CCECEC9C2A7EEC48005F8C5C /* EKReminder+Reminder.swift */,
			);
			path = Models;
			sourceTree = "<group>";
		};
		CC3B6EB22A32DE8C00520B06 /* ListViewController */ = {
			isa = PBXGroup;
			children = (
				CCA7E1AE2A29A6D900C436F7 /* ReminderListViewController.swift */,
				CC3B6EB32A32DF1E00520B06 /* ReminderListViewController+DataSource.swift */,
				CC8818F42A3E556000E5E689 /* ReminderDoneButton.swift */,
				CC8818F62A3E56DC00E5E689 /* ReminderListViewController+Actions.swift */,
				CC5839802A64705A00F7B808 /* ProgressHeaderView.swift */,
			);
			path = ListViewController;
			sourceTree = "<group>";
		};
		CCA7E19E2A29A6D900C436F7 = {
			isa = PBXGroup;
			children = (
				CCA7E1A92A29A6D900C436F7 /* Today */,
				CCA7E1A82A29A6D900C436F7 /* Products */,
			);
			sourceTree = "<group>";
		};
		CCA7E1A82A29A6D900C436F7 /* Products */ = {
			isa = PBXGroup;
			children = (
				CCA7E1A72A29A6D900C436F7 /* Today.app */,
			);
			name = Products;
			sourceTree = "<group>";
		};
		CCA7E1A92A29A6D900C436F7 /* Today */ = {
			isa = PBXGroup;
			children = (
				CC27358F2A2C440D00DD35AF /* Models */,
				CCA7E1AA2A29A6D900C436F7 /* AppDelegate.swift */,
				CCA7E1AC2A29A6D900C436F7 /* SceneDelegate.swift */,
				CCF970B92A47A8020027247E /* contentViews */,
				CC3B6EB22A32DE8C00520B06 /* ListViewController */,
				CC1B641A2A3ED001001529E2 /* DetailViewController */,
				CCA7E1B02A29A6D900C436F7 /* Main.storyboard */,
				CCA7E1B32A29A6DA00C436F7 /* Assets.xcassets */,
				CCA7E1B52A29A6DA00C436F7 /* LaunchScreen.storyboard */,
				CCA7E1B82A29A6DA00C436F7 /* Info.plist */,
			);
			path = Today;
			sourceTree = "<group>";
		};
		CCF970B92A47A8020027247E /* contentViews */ = {
			isa = PBXGroup;
			children = (
				CC5909B12A47FF8B008ED32A /* TextFieldContentView.swift */,
				CCEAA15A2A494C030067B77A /* TextViewContentView.swift */,
				CCF970BA2A47A8890027247E /* UIView+PinnedSubview.swift */,
				CC5909B32A480D01008ED32A /* UIContentConfiguration+Stateless.swift */,
				CCEAA15C2A494D320067B77A /* DatePickerContentView.swift */,
			);
			path = contentViews;
			sourceTree = "<group>";
		};
/* End PBXGroup section */

/* Begin PBXNativeTarget section */
		CCA7E1A62A29A6D900C436F7 /* Today */ = {
			isa = PBXNativeTarget;
			buildConfigurationList = CCA7E1BB2A29A6DA00C436F7 /* Build configuration list for PBXNativeTarget "Today" */;
			buildPhases = (
				CCA7E1A32A29A6D900C436F7 /* Sources */,
				CCA7E1A42A29A6D900C436F7 /* Frameworks */,
				CCA7E1A52A29A6D900C436F7 /* Resources */,
			);
			buildRules = (
			);
			dependencies = (
			);
			name = Today;
			productName = Today;
			productReference = CCA7E1A72A29A6D900C436F7 /* Today.app */;
			productType = "com.apple.product-type.application";
		};
/* End PBXNativeTarget section */

/* Begin PBXProject section */
		CCA7E19F2A29A6D900C436F7 /* Project object */ = {
			isa = PBXProject;
			attributes = {
				BuildIndependentTargetsInParallel = 1;
				LastSwiftUpdateCheck = 1430;
				LastUpgradeCheck = 1430;
				TargetAttributes = {
					CCA7E1A62A29A6D900C436F7 = {
						CreatedOnToolsVersion = 14.3;
					};
				};
			};
			buildConfigurationList = CCA7E1A22A29A6D900C436F7 /* Build configuration list for PBXProject "Today" */;
			compatibilityVersion = "Xcode 14.0";
			developmentRegion = en;
			hasScannedForEncodings = 0;
			knownRegions = (
				en,
				Base,
			);
			mainGroup = CCA7E19E2A29A6D900C436F7;
			productRefGroup = CCA7E1A82A29A6D900C436F7 /* Products */;
			projectDirPath = "";
			projectRoot = "";
			targets = (
				CCA7E1A62A29A6D900C436F7 /* Today */,
			);
		};
/* End PBXProject section */

/* Begin PBXResourcesBuildPhase section */
		CCA7E1A52A29A6D900C436F7 /* Resources */ = {
			isa = PBXResourcesBuildPhase;
			buildActionMask = 2147483647;
			files = (
				CCA7E1B72A29A6DA00C436F7 /* LaunchScreen.storyboard in Resources */,
				CCA7E1B42A29A6DA00C436F7 /* Assets.xcassets in Resources */,
				CCA7E1B22A29A6D900C436F7 /* Main.storyboard in Resources */,
			);
			runOnlyForDeploymentPostprocessing = 0;
		};
/* End PBXResourcesBuildPhase section */

/* Begin PBXSourcesBuildPhase section */
		CCA7E1A32A29A6D900C436F7 /* Sources */ = {
			isa = PBXSourcesBuildPhase;
			buildActionMask = 2147483647;
			files = (
				CC5839812A64705A00F7B808 /* ProgressHeaderView.swift in Sources */,
				CCF970BB2A47A8890027247E /* UIView+PinnedSubview.swift in Sources */,
				CC2DD6C12A4406080032C66A /* ReminderViewController+Section.swift in Sources */,
				CCEAA15D2A494D320067B77A /* DatePickerContentView.swift in Sources */,
				CC58CB592A381DFD005B8308 /* UIColor+Today.swift in Sources */,
				CC8818F72A3E56DC00E5E689 /* ReminderListViewController+Actions.swift in Sources */,
				CC0D7F372A6E2A0B00651732 /* TodayError.swift in Sources */,
				CC1B64192A3EC727001529E2 /* ReminderViewController.swift in Sources */,
				CCE54D0C2A5A0E8800A56FBD /* ReminderListStyle.swift in Sources */,
				CC5909B42A480D01008ED32A /* UIContentConfiguration+Stateless.swift in Sources */,
				CCA7E1AF2A29A6D900C436F7 /* ReminderListViewController.swift in Sources */,
				CC8245E52A3043AB0060FAD2 /* Date+Today.swift in Sources */,
				CC5909B22A47FF8B008ED32A /* TextFieldContentView.swift in Sources */,
				CCEAA15B2A494C030067B77A /* TextViewContentView.swift in Sources */,
				CC1B641C2A3ED076001529E2 /* ReminderViewController+Row.swift in Sources */,
				CC8818F52A3E556000E5E689 /* ReminderDoneButton.swift in Sources */,
				CCA7E1AB2A29A6D900C436F7 /* AppDelegate.swift in Sources */,
				CCF970B82A47A2E40027247E /* ReminderViewController+CellConfiguration.swift in Sources */,
				CCA7E1AD2A29A6D900C436F7 /* SceneDelegate.swift in Sources */,
				CCA203052A70626C00084DC8 /* Reminder+EKReminder.swift in Sources */,
				CC0D7F392A6E2B9E00651732 /* EKEventStore+AsyncFetch.swift in Sources */,
				CC2735912A2C446000DD35AF /* Reminder.swift in Sources */,
				CCCCBACC2A6C721000C9702F /* CAGradientLayer+ListStyle.swift in Sources */,
				CC3B6EB42A32DF1E00520B06 /* ReminderListViewController+DataSource.swift in Sources */,
				CCA203072A7063F600084DC8 /* ReminderStore.swift in Sources */,
				CCECEC9D2A7EEC48005F8C5C /* EKReminder+Reminder.swift in Sources */,
			);
			runOnlyForDeploymentPostprocessing = 0;
		};
/* End PBXSourcesBuildPhase section */

/* Begin PBXVariantGroup section */
		CCA7E1B02A29A6D900C436F7 /* Main.storyboard */ = {
			isa = PBXVariantGroup;
			children = (
				CCA7E1B12A29A6D900C436F7 /* Base */,
			);
			name = Main.storyboard;
			sourceTree = "<group>";
		};
		CCA7E1B52A29A6DA00C436F7 /* LaunchScreen.storyboard */ = {
			isa = PBXVariantGroup;
			children = (
				CCA7E1B62A29A6DA00C436F7 /* Base */,
			);
			name = LaunchScreen.storyboard;
			sourceTree = "<group>";
		};
/* End PBXVariantGroup section */

/* Begin XCBuildConfiguration section */
		CCA7E1B92A29A6DA00C436F7 /* Debug */ = {
			isa = XCBuildConfiguration;
			buildSettings = {
				ALWAYS_SEARCH_USER_PATHS = NO;
				CLANG_ANALYZER_NONNULL = YES;
				CLANG_ANALYZER_NUMBER_OBJECT_CONVERSION = YES_AGGRESSIVE;
				CLANG_CXX_LANGUAGE_STANDARD = "gnu++20";
				CLANG_ENABLE_MODULES = YES;
				CLANG_ENABLE_OBJC_ARC = YES;
				CLANG_ENABLE_OBJC_WEAK = YES;
				CLANG_WARN_BLOCK_CAPTURE_AUTORELEASING = YES;
				CLANG_WARN_BOOL_CONVERSION = YES;
				CLANG_WARN_COMMA = YES;
				CLANG_WARN_CONSTANT_CONVERSION = YES;
				CLANG_WARN_DEPRECATED_OBJC_IMPLEMENTATIONS = YES;
				CLANG_WARN_DIRECT_OBJC_ISA_USAGE = YES_ERROR;
				CLANG_WARN_DOCUMENTATION_COMMENTS = YES;
				CLANG_WARN_EMPTY_BODY = YES;
				CLANG_WARN_ENUM_CONVERSION = YES;
				CLANG_WARN_INFINITE_RECURSION = YES;
				CLANG_WARN_INT_CONVERSION = YES;
				CLANG_WARN_NON_LITERAL_NULL_CONVERSION = YES;
				CLANG_WARN_OBJC_IMPLICIT_RETAIN_SELF = YES;
				CLANG_WARN_OBJC_LITERAL_CONVERSION = YES;
				CLANG_WARN_OBJC_ROOT_CLASS = YES_ERROR;
				CLANG_WARN_QUOTED_INCLUDE_IN_FRAMEWORK_HEADER = YES;
				CLANG_WARN_RANGE_LOOP_ANALYSIS = YES;
				CLANG_WARN_STRICT_PROTOTYPES = YES;
				CLANG_WARN_SUSPICIOUS_MOVE = YES;
				CLANG_WARN_UNGUARDED_AVAILABILITY = YES_AGGRESSIVE;
				CLANG_WARN_UNREACHABLE_CODE = YES;
				CLANG_WARN__DUPLICATE_METHOD_MATCH = YES;
				COPY_PHASE_STRIP = NO;
				DEBUG_INFORMATION_FORMAT = dwarf;
				ENABLE_STRICT_OBJC_MSGSEND = YES;
				ENABLE_TESTABILITY = YES;
				GCC_C_LANGUAGE_STANDARD = gnu11;
				GCC_DYNAMIC_NO_PIC = NO;
				GCC_NO_COMMON_BLOCKS = YES;
				GCC_OPTIMIZATION_LEVEL = 0;
				GCC_PREPROCESSOR_DEFINITIONS = (
					"DEBUG=1",
					"$(inherited)",
				);
				GCC_WARN_64_TO_32_BIT_CONVERSION = YES;
				GCC_WARN_ABOUT_RETURN_TYPE = YES_ERROR;
				GCC_WARN_UNDECLARED_SELECTOR = YES;
				GCC_WARN_UNINITIALIZED_AUTOS = YES_AGGRESSIVE;
				GCC_WARN_UNUSED_FUNCTION = YES;
				GCC_WARN_UNUSED_VARIABLE = YES;
				IPHONEOS_DEPLOYMENT_TARGET = 16.4;
				MTL_ENABLE_DEBUG_INFO = INCLUDE_SOURCE;
				MTL_FAST_MATH = YES;
				ONLY_ACTIVE_ARCH = YES;
				SDKROOT = iphoneos;
				SWIFT_ACTIVE_COMPILATION_CONDITIONS = DEBUG;
				SWIFT_OPTIMIZATION_LEVEL = "-Onone";
			};
			name = Debug;
		};
		CCA7E1BA2A29A6DA00C436F7 /* Release */ = {
			isa = XCBuildConfiguration;
			buildSettings = {
				ALWAYS_SEARCH_USER_PATHS = NO;
				CLANG_ANALYZER_NONNULL = YES;
				CLANG_ANALYZER_NUMBER_OBJECT_CONVERSION = YES_AGGRESSIVE;
				CLANG_CXX_LANGUAGE_STANDARD = "gnu++20";
				CLANG_ENABLE_MODULES = YES;
				CLANG_ENABLE_OBJC_ARC = YES;
				CLANG_ENABLE_OBJC_WEAK = YES;
				CLANG_WARN_BLOCK_CAPTURE_AUTORELEASING = YES;
				CLANG_WARN_BOOL_CONVERSION = YES;
				CLANG_WARN_COMMA = YES;
				CLANG_WARN_CONSTANT_CONVERSION = YES;
				CLANG_WARN_DEPRECATED_OBJC_IMPLEMENTATIONS = YES;
				CLANG_WARN_DIRECT_OBJC_ISA_USAGE = YES_ERROR;
				CLANG_WARN_DOCUMENTATION_COMMENTS = YES;
				CLANG_WARN_EMPTY_BODY = YES;
				CLANG_WARN_ENUM_CONVERSION = YES;
				CLANG_WARN_INFINITE_RECURSION = YES;
				CLANG_WARN_INT_CONVERSION = YES;
				CLANG_WARN_NON_LITERAL_NULL_CONVERSION = YES;
				CLANG_WARN_OBJC_IMPLICIT_RETAIN_SELF = YES;
				CLANG_WARN_OBJC_LITERAL_CONVERSION = YES;
				CLANG_WARN_OBJC_ROOT_CLASS = YES_ERROR;
				CLANG_WARN_QUOTED_INCLUDE_IN_FRAMEWORK_HEADER = YES;
				CLANG_WARN_RANGE_LOOP_ANALYSIS = YES;
				CLANG_WARN_STRICT_PROTOTYPES = YES;
				CLANG_WARN_SUSPICIOUS_MOVE = YES;
				CLANG_WARN_UNGUARDED_AVAILABILITY = YES_AGGRESSIVE;
				CLANG_WARN_UNREACHABLE_CODE = YES;
				CLANG_WARN__DUPLICATE_METHOD_MATCH = YES;
				COPY_PHASE_STRIP = NO;
				DEBUG_INFORMATION_FORMAT = "dwarf-with-dsym";
				ENABLE_NS_ASSERTIONS = NO;
				ENABLE_STRICT_OBJC_MSGSEND = YES;
				GCC_C_LANGUAGE_STANDARD = gnu11;
				GCC_NO_COMMON_BLOCKS = YES;
				GCC_WARN_64_TO_32_BIT_CONVERSION = YES;
				GCC_WARN_ABOUT_RETURN_TYPE = YES_ERROR;
				GCC_WARN_UNDECLARED_SELECTOR = YES;
				GCC_WARN_UNINITIALIZED_AUTOS = YES_AGGRESSIVE;
				GCC_WARN_UNUSED_FUNCTION = YES;
				GCC_WARN_UNUSED_VARIABLE = YES;
				IPHONEOS_DEPLOYMENT_TARGET = 16.4;
				MTL_ENABLE_DEBUG_INFO = NO;
				MTL_FAST_MATH = YES;
				SDKROOT = iphoneos;
				SWIFT_COMPILATION_MODE = wholemodule;
				SWIFT_OPTIMIZATION_LEVEL = "-O";
				VALIDATE_PRODUCT = YES;
			};
			name = Release;
		};
		CCA7E1BC2A29A6DA00C436F7 /* Debug */ = {
			isa = XCBuildConfiguration;
			buildSettings = {
				ASSETCATALOG_COMPILER_APPICON_NAME = AppIcon;
				ASSETCATALOG_COMPILER_GLOBAL_ACCENT_COLOR_NAME = AccentColor;
				CODE_SIGN_STYLE = Automatic;
				CURRENT_PROJECT_VERSION = 1;
				GENERATE_INFOPLIST_FILE = YES;
				INFOPLIST_FILE = Today/Info.plist;
				INFOPLIST_KEY_NSRemindersUsageDescription = "Your reminders can help you stay on track.";
				INFOPLIST_KEY_UIApplicationSupportsIndirectInputEvents = YES;
				INFOPLIST_KEY_UILaunchStoryboardName = LaunchScreen;
				INFOPLIST_KEY_UIMainStoryboardFile = Main;
				INFOPLIST_KEY_UISupportedInterfaceOrientations_iPad = "UIInterfaceOrientationPortrait UIInterfaceOrientationPortraitUpsideDown UIInterfaceOrientationLandscapeLeft UIInterfaceOrientationLandscapeRight";
				INFOPLIST_KEY_UISupportedInterfaceOrientations_iPhone = "UIInterfaceOrientationPortrait UIInterfaceOrientationLandscapeLeft UIInterfaceOrientationLandscapeRight";
				LD_RUNPATH_SEARCH_PATHS = (
					"$(inherited)",
					"@executable_path/Frameworks",
				);
				MARKETING_VERSION = 1.0;
				PRODUCT_BUNDLE_IDENTIFIER = com.ShaunDuffus.Today;
				PRODUCT_NAME = "$(TARGET_NAME)";
				SWIFT_EMIT_LOC_STRINGS = YES;
				SWIFT_VERSION = 5.0;
				TARGETED_DEVICE_FAMILY = "1,2";
			};
			name = Debug;
		};
		CCA7E1BD2A29A6DA00C436F7 /* Release */ = {
			isa = XCBuildConfiguration;
			buildSettings = {
				ASSETCATALOG_COMPILER_APPICON_NAME = AppIcon;
				ASSETCATALOG_COMPILER_GLOBAL_ACCENT_COLOR_NAME = AccentColor;
				CODE_SIGN_STYLE = Automatic;
				CURRENT_PROJECT_VERSION = 1;
				GENERATE_INFOPLIST_FILE = YES;
				INFOPLIST_FILE = Today/Info.plist;
				INFOPLIST_KEY_NSRemindersUsageDescription = "Your reminders can help you stay on track.";
				INFOPLIST_KEY_UIApplicationSupportsIndirectInputEvents = YES;
				INFOPLIST_KEY_UILaunchStoryboardName = LaunchScreen;
				INFOPLIST_KEY_UIMainStoryboardFile = Main;
				INFOPLIST_KEY_UISupportedInterfaceOrientations_iPad = "UIInterfaceOrientationPortrait UIInterfaceOrientationPortraitUpsideDown UIInterfaceOrientationLandscapeLeft UIInterfaceOrientationLandscapeRight";
				INFOPLIST_KEY_UISupportedInterfaceOrientations_iPhone = "UIInterfaceOrientationPortrait UIInterfaceOrientationLandscapeLeft UIInterfaceOrientationLandscapeRight";
				LD_RUNPATH_SEARCH_PATHS = (
					"$(inherited)",
					"@executable_path/Frameworks",
				);
				MARKETING_VERSION = 1.0;
				PRODUCT_BUNDLE_IDENTIFIER = com.ShaunDuffus.Today;
				PRODUCT_NAME = "$(TARGET_NAME)";
				SWIFT_EMIT_LOC_STRINGS = YES;
				SWIFT_VERSION = 5.0;
				TARGETED_DEVICE_FAMILY = "1,2";
			};
			name = Release;
		};
/* End XCBuildConfiguration section */

/* Begin XCConfigurationList section */
		CCA7E1A22A29A6D900C436F7 /* Build configuration list for PBXProject "Today" */ = {
			isa = XCConfigurationList;
			buildConfigurations = (
				CCA7E1B92A29A6DA00C436F7 /* Debug */,
				CCA7E1BA2A29A6DA00C436F7 /* Release */,
			);
			defaultConfigurationIsVisible = 0;
			defaultConfigurationName = Release;
		};
		CCA7E1BB2A29A6DA00C436F7 /* Build configuration list for PBXNativeTarget "Today" */ = {
			isa = XCConfigurationList;
			buildConfigurations = (
				CCA7E1BC2A29A6DA00C436F7 /* Debug */,
				CCA7E1BD2A29A6DA00C436F7 /* Release */,
			);
			defaultConfigurationIsVisible = 0;
			defaultConfigurationName = Release;
		};
/* End XCConfigurationList section */
	};
	rootObject = CCA7E19F2A29A6D900C436F7 /* Project object */;
}
